
Microsoft Visual Studio Solution File, Format Version 12.00
# Visual Studio Version 16
VisualStudioVersion = 16.0.31729.503
MinimumVisualStudioVersion = 10.0.40219.1
Project("{FAE04EC0-301F-11D3-BF4B-00C04F79EFBC}") = "WebApplication2", "WebApplication2.csproj", "{6F87028D-24E5-46EC-A457-0C7ABA8E64A3}"
EndProject
Global
	GlobalSection(SolutionConfigurationPlatforms) = preSolution
		Debug|Any CPU = Debug|Any CPU
		Release|Any CPU = Release|Any CPU
	EndGlobalSection
	GlobalSection(ProjectConfigurationPlatforms) = postSolution
		{6F87028D-24E5-46EC-A457-0C7ABA8E64A3}.Debug|Any CPU.ActiveCfg = Debug|Any CPU
		{6F87028D-24E5-46EC-A457-0C7ABA8E64A3}.Debug|Any CPU.Build.0 = Debug|Any CPU
		{6F87028D-24E5-46EC-A457-0C7ABA8E64A3}.Release|Any CPU.ActiveCfg = Release|Any CPU
		{6F87028D-24E5-46EC-A457-0C7ABA8E64A3}.Release|Any CPU.Build.0 = Release|Any CPU
	EndGlobalSection
	GlobalSection(SolutionProperties) = preSolution
		HideSolutionNode = FALSE
	EndGlobalSection
	GlobalSection(ExtensibilityGlobals) = postSolution
		SolutionGuid = {A4E3373F-63BB-420F-B6E8-FF5317A7EC8F}
	EndGlobalSection
EndGlobal
